{
  "name": "lowkcdr_jspy",
  "version": "1.0.0",
  "lockfileVersion": 3,
  "requires": true,
  "packages": {
    "": {
      "name": "lowkcdr_jspy",
      "version": "1.0.0",
      "license": "ISC",
      "dependencies": {
        "onnxruntime-web": "^1.23.2",
        "regl": "^2.1.1",
        "taichi.js": "^0.0.36",
        "three": "^0.182.0",
        "tone": "^15.1.22"
      }
    },
    "node_modules/@babel/runtime": {
      "version": "7.28.6",
      "resolved": "https://registry.npmjs.org/@babel/runtime/-/runtime-7.28.6.tgz",
      "integrity": "sha512-05WQkdpL9COIMz4LjTxGpPNCdlpyimKppYNoJ5Di5EUObifl8t4tuLuUBBZEpoLYOmfvIWrsp9fCl0HoPRVTdA==",
      "license": "MIT",
      "engines": {
        "node": ">=6.9.0"
      }
    },
    "node_modules/@loaders.gl/core": {
      "version": "3.4.15",
      "resolved": "https://registry.npmjs.org/@loaders.gl/core/-/core-3.4.15.tgz",
      "integrity": "sha512-rPOOTuusWlRRNMWg7hymZBoFmPCXWThsA5ZYRfqqXnsgVeQIi8hzcAhJ7zDUIFAd/OSR8ravtqb0SH+3k6MOFQ==",
      "license": "MIT",
      "dependencies": {
        "@babel/runtime": "^7.3.1",
        "@loaders.gl/loader-utils": "3.4.15",
        "@loaders.gl/worker-utils": "3.4.15",
        "@probe.gl/log": "^3.5.0"
      }
    },
    "node_modules/@loaders.gl/draco": {
      "version": "3.4.15",
      "resolved": "https://registry.npmjs.org/@loaders.gl/draco/-/draco-3.4.15.tgz",
      "integrity": "sha512-SStmyP0ZnS4JbWZb2NhrfiHW65uy3pVTTzQDTgXfkR5cD9oDAEu4nCaHbQ8x38/m39FHliCPgS9b1xWvLKQo8w==",
      "license": "MIT",
      "dependencies": {
        "@babel/runtime": "^7.3.1",
        "@loaders.gl/loader-utils": "3.4.15",
        "@loaders.gl/schema": "3.4.15",
        "@loaders.gl/worker-utils": "3.4.15",
        "draco3d": "1.5.5"
      }
    },
    "node_modules/@loaders.gl/gltf": {
      "version": "3.4.15",
      "resolved": "https://registry.npmjs.org/@loaders.gl/gltf/-/gltf-3.4.15.tgz",
      "integrity": "sha512-Y6kMNPLiHQPr6aWQw/4BMTxgPHWx3fcib4LPpZCbhyfM8PRn6pOqATVngUXdoOf5XY0QtdKVld6N1kxlr4pJtw==",
      "license": "MIT",
      "dependencies": {
        "@loaders.gl/draco": "3.4.15",
        "@loaders.gl/images": "3.4.15",
        "@loaders.gl/loader-utils": "3.4.15",
        "@loaders.gl/textures": "3.4.15",
        "@math.gl/core": "^3.5.1"
      }
    },
    "node_modules/@loaders.gl/images": {
      "version": "3.4.15",
      "resolved": "https://registry.npmjs.org/@loaders.gl/images/-/images-3.4.15.tgz",
      "integrity": "sha512-QpjYhEetHabY/z9mWZYJXZZp4XJAxa38f9Ii/DjPlnJErepzY5GLBUTDHMu4oZ6n99gGImtuGFicDnFV6mb60g==",
      "license": "MIT",
      "dependencies": {
        "@loaders.gl/loader-utils": "3.4.15"
      }
    },
    "node_modules/@loaders.gl/loader-utils": {
      "version": "3.4.15",
      "resolved": "https://registry.npmjs.org/@loaders.gl/loader-utils/-/loader-utils-3.4.15.tgz",
      "integrity": "sha512-uUx6tCaky6QgCRkqCNuuXiUfpTzKV+ZlJOf6C9bKp62lpvFOv9AwqoXmL23j8nfsENdlzsX3vPhc3en6QQyksA==",
      "license": "MIT",
      "dependencies": {
        "@babel/runtime": "^7.3.1",
        "@loaders.gl/worker-utils": "3.4.15",
        "@probe.gl/stats": "^3.5.0"
      }
    },
    "node_modules/@loaders.gl/schema": {
      "version": "3.4.15",
      "resolved": "https://registry.npmjs.org/@loaders.gl/schema/-/schema-3.4.15.tgz",
      "integrity": "sha512-8oRtstz0IsqES7eZd2jQbmCnmExCMtL8T6jWd1+BfmnuyZnQ0B6TNccy++NHtffHdYuzEoQgSELwcdmhSApYew==",
      "license": "MIT",
      "dependencies": {
        "@types/geojson": "^7946.0.7"
      }
    },
    "node_modules/@loaders.gl/textures": {
      "version": "3.4.15",
      "resolved": "https://registry.npmjs.org/@loaders.gl/textures/-/textures-3.4.15.tgz",
      "integrity": "sha512-QHnmxBYtLvTdG1uMz2KWcxVY8KPb1+XyPJUoZV9GMcQkulz+CwFB8BaX8nROfMDz9KKYoPfksCzjig0LZ0WBJQ==",
      "license": "MIT",
      "dependencies": {
        "@loaders.gl/images": "3.4.15",
        "@loaders.gl/loader-utils": "3.4.15",
        "@loaders.gl/schema": "3.4.15",
        "@loaders.gl/worker-utils": "3.4.15",
        "ktx-parse": "^0.0.4",
        "texture-compressor": "^1.0.2"
      }
    },
    "node_modules/@loaders.gl/worker-utils": {
      "version": "3.4.15",
      "resolved": "https://registry.npmjs.org/@loaders.gl/worker-utils/-/worker-utils-3.4.15.tgz",
      "integrity": "sha512-zUUepOYRYmcYIcr/c4Mchox9h5fBFNkD81rsGnLlZyq19QvyHzN+93SVxrLc078gw93t2RKrVcOOZY13zT3t1w==",
      "license": "MIT",
      "dependencies": {
        "@babel/runtime": "^7.3.1"
      }
    },
    "node_modules/@math.gl/core": {
      "version": "3.6.3",
      "resolved": "https://registry.npmjs.org/@math.gl/core/-/core-3.6.3.tgz",
      "integrity": "sha512-jBABmDkj5uuuE0dTDmwwss7Cup5ZwQ6Qb7h1pgvtkEutTrhkcv8SuItQNXmF45494yIHeoGue08NlyeY6wxq2A==",
      "license": "MIT",
      "dependencies": {
        "@babel/runtime": "^7.12.0",
        "@math.gl/types": "3.6.3",
        "gl-matrix": "^3.4.0"
      }
    },
    "node_modules/@math.gl/types": {
      "version": "3.6.3",
      "resolved": "https://registry.npmjs.org/@math.gl/types/-/types-3.6.3.tgz",
      "integrity": "sha512-3uWLVXHY3jQxsXCr/UCNPSc2BG0hNUljhmOBt9l+lNFDp7zHgm0cK2Tw4kj2XfkJy4TgwZTBGwRDQgWEbLbdTA==",
      "license": "MIT"
    },
    "node_modules/@probe.gl/env": {
      "version": "3.6.0",
      "resolved": "https://registry.npmjs.org/@probe.gl/env/-/env-3.6.0.tgz",
      "integrity": "sha512-4tTZYUg/8BICC3Yyb9rOeoKeijKbZHRXBEKObrfPmX4sQmYB15ZOUpoVBhAyJkOYVAM8EkPci6Uw5dLCwx2BEQ==",
      "license": "MIT",
      "dependencies": {
        "@babel/runtime": "^7.0.0"
      }
    },
    "node_modules/@probe.gl/log": {
      "version": "3.6.0",
      "resolved": "https://registry.npmjs.org/@probe.gl/log/-/log-3.6.0.tgz",
      "integrity": "sha512-hjpyenpEvOdowgZ1qMeCJxfRD4JkKdlXz0RC14m42Un62NtOT+GpWyKA4LssT0+xyLULCByRAtG2fzZorpIAcA==",
      "license": "MIT",
      "dependencies": {
        "@babel/runtime": "^7.0.0",
        "@probe.gl/env": "3.6.0"
      }
    },
    "node_modules/@probe.gl/stats": {
      "version": "3.6.0",
      "resolved": "https://registry.npmjs.org/@probe.gl/stats/-/stats-3.6.0.tgz",
      "integrity": "sha512-JdALQXB44OP4kUBN/UrQgzbJe4qokbVF4Y8lkIA8iVCFnjVowWIgkD/z/0QO65yELT54tTrtepw1jScjKB+rhQ==",
      "license": "MIT",
      "dependencies": {
        "@babel/runtime": "^7.0.0"
      }
    },
    "node_modules/@protobufjs/aspromise": {
      "version": "1.1.2",
      "resolved": "https://registry.npmjs.org/@protobufjs/aspromise/-/aspromise-1.1.2.tgz",
      "integrity": "sha512-j+gKExEuLmKwvz3OgROXtrJ2UG2x8Ch2YZUxahh+s1F2HZ+wAceUNLkvy6zKCPVRkU++ZWQrdxsUeQXmcg4uoQ==",
      "license": "BSD-3-Clause"
    },
    "node_modules/@protobufjs/base64": {
      "version": "1.1.2",
      "resolved": "https://registry.npmjs.org/@protobufjs/base64/-/base64-1.1.2.tgz",
      "integrity": "sha512-AZkcAA5vnN/v4PDqKyMR5lx7hZttPDgClv83E//FMNhR2TMcLUhfRUBHCmSl0oi9zMgDDqRUJkSxO3wm85+XLg==",
      "license": "BSD-3-Clause"
    },
    "node_modules/@protobufjs/codegen": {
      "version": "2.0.4",
      "resolved": "https://registry.npmjs.org/@protobufjs/codegen/-/codegen-2.0.4.tgz",
      "integrity": "sha512-YyFaikqM5sH0ziFZCN3xDC7zeGaB/d0IUb9CATugHWbd1FRFwWwt4ld4OYMPWu5a3Xe01mGAULCdqhMlPl29Jg==",
      "license": "BSD-3-Clause"
    },
    "node_modules/@protobufjs/eventemitter": {
      "version": "1.1.0",
      "resolved": "https://registry.npmjs.org/@protobufjs/eventemitter/-/eventemitter-1.1.0.tgz",
      "integrity": "sha512-j9ednRT81vYJ9OfVuXG6ERSTdEL1xVsNgqpkxMsbIabzSo3goCjDIveeGv5d03om39ML71RdmrGNjG5SReBP/Q==",
      "license": "BSD-3-Clause"
    },
    "node_modules/@protobufjs/fetch": {
      "version": "1.1.0",
      "resolved": "https://registry.npmjs.org/@protobufjs/fetch/-/fetch-1.1.0.tgz",
      "integrity": "sha512-lljVXpqXebpsijW71PZaCYeIcE5on1w5DlQy5WH6GLbFryLUrBD4932W/E2BSpfRJWseIL4v/KPgBFxDOIdKpQ==",
      "license": "BSD-3-Clause",
      "dependencies": {
        "@protobufjs/aspromise": "^1.1.1",
        "@protobufjs/inquire": "^1.1.0"
      }
    },
    "node_modules/@protobufjs/float": {
      "version": "1.0.2",
      "resolved": "https://registry.npmjs.org/@protobufjs/float/-/float-1.0.2.tgz",
      "integrity": "sha512-Ddb+kVXlXst9d+R9PfTIxh1EdNkgoRe5tOX6t01f1lYWOvJnSPDBlG241QLzcyPdoNTsblLUdujGSE4RzrTZGQ==",
      "license": "BSD-3-Clause"
    },
    "node_modules/@protobufjs/inquire": {
      "version": "1.1.0",
      "resolved": "https://registry.npmjs.org/@protobufjs/inquire/-/inquire-1.1.0.tgz",
      "integrity": "sha512-kdSefcPdruJiFMVSbn801t4vFK7KB/5gd2fYvrxhuJYg8ILrmn9SKSX2tZdV6V+ksulWqS7aXjBcRXl3wHoD9Q==",
      "license": "BSD-3-Clause"
    },
    "node_modules/@protobufjs/path": {
      "version": "1.1.2",
      "resolved": "https://registry.npmjs.org/@protobufjs/path/-/path-1.1.2.tgz",
      "integrity": "sha512-6JOcJ5Tm08dOHAbdR3GrvP+yUUfkjG5ePsHYczMFLq3ZmMkAD98cDgcT2iA1lJ9NVwFd4tH/iSSoe44YWkltEA==",
      "license": "BSD-3-Clause"
    },
    "node_modules/@protobufjs/pool": {
      "version": "1.1.0",
      "resolved": "https://registry.npmjs.org/@protobufjs/pool/-/pool-1.1.0.tgz",
      "integrity": "sha512-0kELaGSIDBKvcgS4zkjz1PeddatrjYcmMWOlAuAPwAeccUrPHdUqo/J6LiymHHEiJT5NrF1UVwxY14f+fy4WQw==",
      "license": "BSD-3-Clause"
    },
    "node_modules/@protobufjs/utf8": {
      "version": "1.1.0",
      "resolved": "https://registry.npmjs.org/@protobufjs/utf8/-/utf8-1.1.0.tgz",
      "integrity": "sha512-Vvn3zZrhQZkkBE8LSuW3em98c0FwgO4nxzv6OdSxPKJIEKY2bGbHn+mhGIPerzI4twdxaP8/0+06HBpwf345Lw==",
      "license": "BSD-3-Clause"
    },
    "node_modules/@types/geojson": {
      "version": "7946.0.16",
      "resolved": "https://registry.npmjs.org/@types/geojson/-/geojson-7946.0.16.tgz",
      "integrity": "sha512-6C8nqWur3j98U6+lXDfTUWIfgvZU+EumvpHKcYjujKH7woYyLj2sUmff0tRhrqM7BohUw7Pz3ZB1jj2gW9Fvmg==",
      "license": "MIT"
    },
    "node_modules/@types/node": {
      "version": "25.1.0",
      "resolved": "https://registry.npmjs.org/@types/node/-/node-25.1.0.tgz",
      "integrity": "sha512-t7frlewr6+cbx+9Ohpl0NOTKXZNV9xHRmNOvql47BFJKcEG1CxtxlPEEe+gR9uhVWM4DwhnvTF110mIL4yP9RA==",
      "license": "MIT",
      "dependencies": {
        "undici-types": "~7.16.0"
      }
    },
    "node_modules/@webgpu/types": {
      "version": "0.1.69",
      "resolved": "https://registry.npmjs.org/@webgpu/types/-/types-0.1.69.tgz",
      "integrity": "sha512-RPmm6kgRbI8e98zSD3RVACvnuktIja5+yLgDAkTmxLr90BEwdTXRQWNLF3ETTTyH/8mKhznZuN5AveXYFEsMGQ==",
      "license": "BSD-3-Clause"
    },
    "node_modules/argparse": {
      "version": "1.0.10",
      "resolved": "https://registry.npmjs.org/argparse/-/argparse-1.0.10.tgz",
      "integrity": "sha512-o5Roy6tNG4SL/FOkCAN6RzjiakZS25RLYFrcMttJqbdd8BWrnA+fGz57iN5Pb06pvBGvl5gQ0B48dJlslXvoTg==",
      "license": "MIT",
      "dependencies": {
        "sprintf-js": "~1.0.2"
      }
    },
    "node_modules/automation-events": {
      "version": "7.1.15",
      "resolved": "https://registry.npmjs.org/automation-events/-/automation-events-7.1.15.tgz",
      "integrity": "sha512-NsHJlve3twcgs8IyP4iEYph7Fzpnh6klN7G5LahwvypakBjFbsiGHJxrqTmeHKREdu/Tx6oZboqNI0tD4MnFlA==",
      "license": "MIT",
      "dependencies": {
        "@babel/runtime": "^7.28.6",
        "tslib": "^2.8.1"
      },
      "engines": {
        "node": ">=18.2.0"
      }
    },
    "node_modules/draco3d": {
      "version": "1.5.5",
      "resolved": "https://registry.npmjs.org/draco3d/-/draco3d-1.5.5.tgz",
      "integrity": "sha512-JVuNV0EJzD3LBYhGyIXJLeBID/EVtmFO1ZNhAYflTgiMiAJlbhXQmRRda/azjc8MRVMHh0gqGhiqHUo5dIXM8Q==",
      "license": "Apache-2.0"
    },
    "node_modules/flatbuffers": {
      "version": "25.9.23",
      "resolved": "https://registry.npmjs.org/flatbuffers/-/flatbuffers-25.9.23.tgz",
      "integrity": "sha512-MI1qs7Lo4Syw0EOzUl0xjs2lsoeqFku44KpngfIduHBYvzm8h2+7K8YMQh1JtVVVrUvhLpNwqVi4DERegUJhPQ==",
      "license": "Apache-2.0"
    },
    "node_modules/gl-matrix": {
      "version": "3.4.4",
      "resolved": "https://registry.npmjs.org/gl-matrix/-/gl-matrix-3.4.4.tgz",
      "integrity": "sha512-latSnyDNt/8zYUB6VIJ6PCh2jBjJX6gnDsoCZ7LyW7GkqrD51EWwa9qCoGixj8YqBtETQK/xY7OmpTF8xz1DdQ==",
      "license": "MIT"
    },
    "node_modules/guid-typescript": {
      "version": "1.0.9",
      "resolved": "https://registry.npmjs.org/guid-typescript/-/guid-typescript-1.0.9.tgz",
      "integrity": "sha512-Y8T4vYhEfwJOTbouREvG+3XDsjr8E3kIr7uf+JZ0BYloFsttiHU0WfvANVsR7TxNUJa/WpCnw/Ino/p+DeBhBQ==",
      "license": "ISC"
    },
    "node_modules/image-size": {
      "version": "0.7.5",
      "resolved": "https://registry.npmjs.org/image-size/-/image-size-0.7.5.tgz",
      "integrity": "sha512-Hiyv+mXHfFEP7LzUL/llg9RwFxxY+o9N3JVLIeG5E7iFIFAalxvRU9UZthBdYDEVnzHMgjnKJPPpay5BWf1g9g==",
      "license": "MIT",
      "bin": {
        "image-size": "bin/image-size.js"
      },
      "engines": {
        "node": ">=6.9.0"
      }
    },
    "node_modules/ktx-parse": {
      "version": "0.0.4",
      "resolved": "https://registry.npmjs.org/ktx-parse/-/ktx-parse-0.0.4.tgz",
      "integrity": "sha512-LY3nrmfXl+wZZdPxgJ3ZmLvG+wkOZZP3/dr4RbQj1Pk3Qwz44esOOSFFVQJcNWpXAtiNIC66WgXufX/SYgYz6A==",
      "license": "MIT"
    },
    "node_modules/long": {
      "version": "5.3.2",
      "resolved": "https://registry.npmjs.org/long/-/long-5.3.2.tgz",
      "integrity": "sha512-mNAgZ1GmyNhD7AuqnTG3/VQ26o760+ZYBPKjPvugO8+nLbYfX6TVpJPseBvopbdY+qpZ/lKUnmEc1LeZYS3QAA==",
      "license": "Apache-2.0"
    },
    "node_modules/onnxruntime-common": {
      "version": "1.23.2",
      "resolved": "https://registry.npmjs.org/onnxruntime-common/-/onnxruntime-common-1.23.2.tgz",
      "integrity": "sha512-5LFsC9Dukzp2WV6kNHYLNzp8sT6V02IubLCbzw2Xd6X5GOlr65gAX6xiJwyi2URJol/s71gaQLC5F2C25AAR2w==",
      "license": "MIT"
    },
    "node_modules/onnxruntime-web": {
      "version": "1.23.2",
      "resolved": "https://registry.npmjs.org/onnxruntime-web/-/onnxruntime-web-1.23.2.tgz",
      "integrity": "sha512-T09JUtMn+CZLk3mFwqiH0lgQf+4S7+oYHHtk6uhaYAAJI95bTcKi5bOOZYwORXfS/RLZCjDDEXGWIuOCAFlEjg==",
      "license": "MIT",
      "dependencies": {
        "flatbuffers": "^25.1.24",
        "guid-typescript": "^1.0.9",
        "long": "^5.2.3",
        "onnxruntime-common": "1.23.2",
        "platform": "^1.3.6",
        "protobufjs": "^7.2.4"
      }
    },
    "node_modules/platform": {
      "version": "1.3.6",
      "resolved": "https://registry.npmjs.org/platform/-/platform-1.3.6.tgz",
      "integrity": "sha512-fnWVljUchTro6RiCFvCXBbNhJc2NijN7oIQxbwsyL0buWJPG85v81ehlHI9fXrJsMNgTofEoWIQeClKpgxFLrg==",
      "license": "MIT"
    },
    "node_modules/protobufjs": {
      "version": "7.5.4",
      "resolved": "https://registry.npmjs.org/protobufjs/-/protobufjs-7.5.4.tgz",
      "integrity": "sha512-CvexbZtbov6jW2eXAvLukXjXUW1TzFaivC46BpWc/3BpcCysb5Vffu+B3XHMm8lVEuy2Mm4XGex8hBSg1yapPg==",
      "hasInstallScript": true,
      "license": "BSD-3-Clause",
      "dependencies": {
        "@protobufjs/aspromise": "^1.1.2",
        "@protobufjs/base64": "^1.1.2",
        "@protobufjs/codegen": "^2.0.4",
        "@protobufjs/eventemitter": "^1.1.0",
        "@protobufjs/fetch": "^1.1.0",
        "@protobufjs/float": "^1.0.2",
        "@protobufjs/inquire": "^1.1.0",
        "@protobufjs/path": "^1.1.2",
        "@protobufjs/pool": "^1.1.0",
        "@protobufjs/utf8": "^1.1.0",
        "@types/node": ">=13.7.0",
        "long": "^5.0.0"
      },
      "engines": {
        "node": ">=12.0.0"
      }
    },
    "node_modules/regl": {
      "version": "2.1.1",
      "resolved": "https://registry.npmjs.org/regl/-/regl-2.1.1.tgz",
      "integrity": "sha512-+IOGrxl3FZ8ZM9ixCWQZzFRiRn7Rzn9bu3iFHwg/yz4tlOUQgbO4PHLgG+1ZT60zcIV8tief6Qrmyl8qcoJP0g==",
      "license": "MIT"
    },
    "node_modules/sprintf-js": {
      "version": "1.0.3",
      "resolved": "https://registry.npmjs.org/sprintf-js/-/sprintf-js-1.0.3.tgz",
      "integrity": "sha512-D9cPgkvLlV3t3IzL0D0YLvGA9Ahk4PcvVwUbN0dSGr1aP0Nrt4AEnTUbuGvquEC0mA64Gqt1fzirlRs5ibXx8g==",
      "license": "BSD-3-Clause"
    },
    "node_modules/standardized-audio-context": {
      "version": "25.3.77",
      "resolved": "https://registry.npmjs.org/standardized-audio-context/-/standardized-audio-context-25.3.77.tgz",
      "integrity": "sha512-Ki9zNz6pKcC5Pi+QPjPyVsD9GwJIJWgryji0XL9cAJXMGyn+dPOf6Qik1AHei0+UNVcc4BOCa0hWLBzlwqsW/A==",
      "license": "MIT",
      "dependencies": {
        "@babel/runtime": "^7.25.6",
        "automation-events": "^7.0.9",
        "tslib": "^2.7.0"
      }
    },
    "node_modules/taichi.js": {
      "version": "0.0.36",
      "resolved": "https://registry.npmjs.org/taichi.js/-/taichi.js-0.0.36.tgz",
      "integrity": "sha512-JPVI5SSXEOHSAw2YXcL2Y4jKdvBaOyzolCyB5iN/Mhj+vM8hDvi5xzR5YFogZQyuETb53v7/RErvI9BHiyUHRQ==",
      "dependencies": {
        "@loaders.gl/core": "^3.1.8",
        "@loaders.gl/gltf": "^3.1.8",
        "@webgpu/types": "^0.1.20",
        "gl-matrix": "^3.4.3",
        "tslib": "^2.4.0"
      }
    },
    "node_modules/texture-compressor": {
      "version": "1.0.2",
      "resolved": "https://registry.npmjs.org/texture-compressor/-/texture-compressor-1.0.2.tgz",
      "integrity": "sha512-dStVgoaQ11mA5htJ+RzZ51ZxIZqNOgWKAIvtjLrW1AliQQLCmrDqNzQZ8Jh91YealQ95DXt4MEduLzJmbs6lig==",
      "license": "MIT",
      "dependencies": {
        "argparse": "^1.0.10",
        "image-size": "^0.7.4"
      },
      "bin": {
        "texture-compressor": "bin/texture-compressor.js"
      }
    },
    "node_modules/three": {
      "version": "0.182.0",
      "resolved": "https://registry.npmjs.org/three/-/three-0.182.0.tgz",
      "integrity": "sha512-GbHabT+Irv+ihI1/f5kIIsZ+Ef9Sl5A1Y7imvS5RQjWgtTPfPnZ43JmlYI7NtCRDK9zir20lQpfg8/9Yd02OvQ==",
      "license": "MIT"
    },
    "node_modules/tone": {
      "version": "15.1.22",
      "resolved": "https://registry.npmjs.org/tone/-/tone-15.1.22.tgz",
      "integrity": "sha512-TCScAGD4sLsama5DjvTUXlLDXSqPealhL64nsdV1hhr6frPWve0DeSo63AKnSJwgfg55fhvxj0iPPRwPN5o0ag==",
      "license": "MIT",
      "dependencies": {
        "standardized-audio-context": "^25.3.70",
        "tslib": "^2.3.1"
      }
    },
    "node_modules/tslib": {
      "version": "2.8.1",
      "resolved": "https://registry.npmjs.org/tslib/-/tslib-2.8.1.tgz",
      "integrity": "sha512-oJFu94HQb+KVduSUQL7wnpmqnfmLsOA/nAh6b6EH0wCEoK0/mPeXU6c3wKDV83MkOuHPRHtSXKKU99IBazS/2w==",
      "license": "0BSD"
    },
    "node_modules/undici-types": {
      "version": "7.16.0",
      "resolved": "https://registry.npmjs.org/undici-types/-/undici-types-7.16.0.tgz",
      "integrity": "sha512-Zz+aZWSj8LE6zoxD+xrjh4VfkIG8Ya6LvYkZqtUQGJPZjYl53ypCaUwWqo7eI0x66KBGeRo+mlBEkMSeSZ38Nw==",
      "license": "MIT"
    }
  }
}
